// !$*UTF8*$!
{
	archiveVersion = 1;
	classes = {
	};
	objectVersion = 77;
	objects = {

/* Begin PBXContainerItemProxy section */
		3A7AD5472F77DBA9003E84FD /* PBXContainerItemProxy */ = {
			isa = PBXContainerItemProxy;
			containerPortal = 3A7AD5312F77DB9F003E84FD /* Project object */;
			proxyType = 1;
			remoteGlobalIDString = 3A7AD5382F77DBA0003E84FD;
			remoteInfo = "clip-shelf";
		};
		3A7AD5512F77DBA9003E84FD /* PBXContainerItemProxy */ = {
			isa = PBXContainerItemProxy;
			containerPortal = 3A7AD5312F77DB9F003E84FD /* Project object */;
			proxyType = 1;
			remoteGlobalIDString = 3A7AD5382F77DBA0003E84FD;
			remoteInfo = "clip-shelf";
		};
/* End PBXContainerItemProxy section */

/* Begin PBXFileReference section */
		3A7AD5392F77DBA0003E84FD /* clip-shelf.app */ = {isa = PBXFileReference; explicitFileType = wrapper.application; includeInIndex = 0; path = "clip-shelf.app"; sourceTree = BUILT_PRODUCTS_DIR; };
		3A7AD5462F77DBA9003E84FD /* clip-shelfTests.xctest */ = {isa = PBXFileReference; explicitFileType = wrapper.cfbundle; includeInIndex = 0; path = "clip-shelfTests.xctest"; sourceTree = BUILT_PRODUCTS_DIR; };
		3A7AD5502F77DBA9003E84FD /* clip-shelfUITests.xctest */ = {isa = PBXFileReference; explicitFileType = wrapper.cfbundle; includeInIndex = 0; path = "clip-shelfUITests.xctest"; sourceTree = BUILT_PRODUCTS_DIR; };
/* End PBXFileReference section */

/* Begin PBXFileSystemSynchronizedRootGroup section */
		3A7AD53B2F77DBA0003E84FD /* clip-shelf */ = {
			isa = PBXFileSystemSynchronizedRootGroup;
			path = "clip-shelf";
			sourceTree = "<group>";
		};
		3A7AD5492F77DBA9003E84FD /* clip-shelfTests */ = {
			isa = PBXFileSystemSynchronizedRootGroup;
			path = "clip-shelfTests";
			sourceTree = "<group>";
		};
		3A7AD5532F77DBA9003E84FD /* clip-shelfUITests */ = {
			isa = PBXFileSystemSynchronizedRootGroup;
			path = "clip-shelfUITests";
			sourceTree = "<group>";
		};
/* End PBXFileSystemSynchronizedRootGroup section */

/* Begin PBXFrameworksBuildPhase section */
		3A7AD5362F77DBA0003E84FD /* Frameworks */ = {
			isa = PBXFrameworksBuildPhase;
			buildActionMask = 2147483647;
			files = (
			);
			runOnlyForDeploymentPostprocessing = 0;
		};
		3A7AD5432F77DBA9003E84FD /* Frameworks */ = {
			isa = PBXFrameworksBuildPhase;
			buildActionMask = 2147483647;
			files = (
			);
			runOnlyForDeploymentPostprocessing = 0;
		};
		3A7AD54D2F77DBA9003E84FD /* Frameworks */ = {
			isa = PBXFrameworksBuildPhase;
			buildActionMask = 2147483647;
			files = (
			);
			runOnlyForDeploymentPostprocessing = 0;
		};
/* End PBXFrameworksBuildPhase section */

/* Begin PBXGroup section */
		3A7AD5302F77DB9F003E84FD = {
			isa = PBXGroup;
			children = (
				3A7AD53B2F77DBA0003E84FD /* clip-shelf */,
				3A7AD5492F77DBA9003E84FD /* clip-shelfTests */,
				3A7AD5532F77DBA9003E84FD /* clip-shelfUITests */,
				3A7AD53A2F77DBA0003E84FD /* Products */,
			);
			sourceTree = "<group>";
		};
		3A7AD53A2F77DBA0003E84FD /* Products */ = {
			isa = PBXGroup;
			children = (
				3A7AD5392F77DBA0003E84FD /* clip-shelf.app */,
				3A7AD5462F77DBA9003E84FD /* clip-shelfTests.xctest */,
				3A7AD5502F77DBA9003E84FD /* clip-shelfUITests.xctest */,
			);
			name = Products;
			sourceTree = "<group>";
		};
/* End PBXGroup section */

/* Begin PBXNativeTarget section */
		3A7AD5382F77DBA0003E84FD /* clip-shelf */ = {
			isa = PBXNativeTarget;
			buildConfigurationList = 3A7AD55A2F77DBA9003E84FD /* Build configuration list for PBXNativeTarget "clip-shelf" */;
			buildPhases = (
				3A7AD5352F77DBA0003E84FD /* Sources */,
				3A7AD5362F77DBA0003E84FD /* Frameworks */,
				3A7AD5372F77DBA0003E84FD /* Resources */,
			);
			buildRules = (
			);
			dependencies = (
			);
			fileSystemSynchronizedGroups = (
				3A7AD53B2F77DBA0003E84FD /* clip-shelf */,
			);
			name = "clip-shelf";
			packageProductDependencies = (
			);
			productName = "clip-shelf";
			productReference = 3A7AD5392F77DBA0003E84FD /* clip-shelf.app */;
			productType = "com.apple.product-type.application";
		};
		3A7AD5452F77DBA9003E84FD /* clip-shelfTests */ = {
			isa = PBXNativeTarget;
			buildConfigurationList = 3A7AD55D2F77DBA9003E84FD /* Build configuration list for PBXNativeTarget "clip-shelfTests" */;
			buildPhases = (
				3A7AD5422F77DBA9003E84FD /* Sources */,
				3A7AD5432F77DBA9003E84FD /* Frameworks */,
				3A7AD5442F77DBA9003E84FD /* Resources */,
			);
			buildRules = (
			);
			dependencies = (
				3A7AD5482F77DBA9003E84FD /* PBXTargetDependency */,
			);
			fileSystemSynchronizedGroups = (
				3A7AD5492F77DBA9003E84FD /* clip-shelfTests */,
			);
			name = "clip-shelfTests";
			packageProductDependencies = (
			);
			productName = "clip-shelfTests";
			productReference = 3A7AD5462F77DBA9003E84FD /* clip-shelfTests.xctest */;
			productType = "com.apple.product-type.bundle.unit-test";
		};
		3A7AD54F2F77DBA9003E84FD /* clip-shelfUITests */ = {
			isa = PBXNativeTarget;
			buildConfigurationList = 3A7AD5602F77DBA9003E84FD /* Build configuration list for PBXNativeTarget "clip-shelfUITests" */;
			buildPhases = (
				3A7AD54C2F77DBA9003E84FD /* Sources */,
				3A7AD54D2F77DBA9003E84FD /* Frameworks */,
				3A7AD54E2F77DBA9003E84FD /* Resources */,
			);
			buildRules = (
			);
			dependencies = (
				3A7AD5522F77DBA9003E84FD /* PBXTargetDependency */,
			);
			fileSystemSynchronizedGroups = (
				3A7AD5532F77DBA9003E84FD /* clip-shelfUITests */,
			);
			name = "clip-shelfUITests";
			packageProductDependencies = (
			);
			productName = "clip-shelfUITests";
			productReference = 3A7AD5502F77DBA9003E84FD /* clip-shelfUITests.xctest */;
			productType = "com.apple.product-type.bundle.ui-testing";
		};
/* End PBXNativeTarget section */

/* Begin PBXProject section */
		3A7AD5312F77DB9F003E84FD /* Project object */ = {
			isa = PBXProject;
			attributes = {
				BuildIndependentTargetsInParallel = 1;
				LastSwiftUpdateCheck = 2640;
				LastUpgradeCheck = 2640;
				TargetAttributes = {
					3A7AD5382F77DBA0003E84FD = {
						CreatedOnToolsVersion = 26.4;
					};
					3A7AD5452F77DBA9003E84FD = {
						CreatedOnToolsVersion = 26.4;
						TestTargetID = 3A7AD5382F77DBA0003E84FD;
					};
					3A7AD54F2F77DBA9003E84FD = {
						CreatedOnToolsVersion = 26.4;
						TestTargetID = 3A7AD5382F77DBA0003E84FD;
					};
				};
			};
			buildConfigurationList = 3A7AD5342F77DBA0003E84FD /* Build configuration list for PBXProject "clip-shelf" */;
			developmentRegion = en;
			hasScannedForEncodings = 0;
			knownRegions = (
				en,
				Base,
			);
			mainGroup = 3A7AD5302F77DB9F003E84FD;
			minimizedProjectReferenceProxies = 1;
			preferredProjectObjectVersion = 77;
			productRefGroup = 3A7AD53A2F77DBA0003E84FD /* Products */;
			projectDirPath = "";
			projectRoot = "";
			targets = (
				3A7AD5382F77DBA0003E84FD /* clip-shelf */,
				3A7AD5452F77DBA9003E84FD /* clip-shelfTests */,
				3A7AD54F2F77DBA9003E84FD /* clip-shelfUITests */,
			);
		};
/* End PBXProject section */

/* Begin PBXResourcesBuildPhase section */
		3A7AD5372F77DBA0003E84FD /* Resources */ = {
			isa = PBXResourcesBuildPhase;
			buildActionMask = 2147483647;
			files = (
			);
			runOnlyForDeploymentPostprocessing = 0;
		};
		3A7AD5442F77DBA9003E84FD /* Resources */ = {
			isa = PBXResourcesBuildPhase;
			buildActionMask = 2147483647;
			files = (
			);
			runOnlyForDeploymentPostprocessing = 0;
		};
		3A7AD54E2F77DBA9003E84FD /* Resources */ = {
			isa = PBXResourcesBuildPhase;
			buildActionMask = 2147483647;
			files = (
			);
			runOnlyForDeploymentPostprocessing = 0;
		};
/* End PBXResourcesBuildPhase section */

/* Begin PBXSourcesBuildPhase section */
		3A7AD5352F77DBA0003E84FD /* Sources */ = {
			isa = PBXSourcesBuildPhase;
			buildActionMask = 2147483647;
			files = (
			);
			runOnlyForDeploymentPostprocessing = 0;
		};
		3A7AD5422F77DBA9003E84FD /* Sources */ = {
			isa = PBXSourcesBuildPhase;
			buildActionMask = 2147483647;
			files = (
			);
			runOnlyForDeploymentPostprocessing = 0;
		};
		3A7AD54C2F77DBA9003E84FD /* Sources */ = {
			isa = PBXSourcesBuildPhase;
			buildActionMask = 2147483647;
			files = (
			);
			runOnlyForDeploymentPostprocessing = 0;
		};
/* End PBXSourcesBuildPhase section */

/* Begin PBXTargetDependency section */
		3A7AD5482F77DBA9003E84FD /* PBXTargetDependency */ = {
			isa = PBXTargetDependency;
			target = 3A7AD5382F77DBA0003E84FD /* clip-shelf */;
			targetProxy = 3A7AD5472F77DBA9003E84FD /* PBXContainerItemProxy */;
		};
		3A7AD5522F77DBA9003E84FD /* PBXTargetDependency */ = {
			isa = PBXTargetDependency;
			target = 3A7AD5382F77DBA0003E84FD /* clip-shelf */;
			targetProxy = 3A7AD5512F77DBA9003E84FD /* PBXContainerItemProxy */;
		};
/* End PBXTargetDependency section */

/* Begin XCBuildConfiguration section */
		3A7AD5582F77DBA9003E84FD /* Debug */ = {
			isa = XCBuildConfiguration;
			buildSettings = {
				ALWAYS_SEARCH_USER_PATHS = NO;
				ARCHS = arm64;
				ASSETCATALOG_COMPILER_GENERATE_SWIFT_ASSET_SYMBOL_EXTENSIONS = YES;
				CLANG_ANALYZER_NONNULL = YES;
				CLANG_ANALYZER_NUMBER_OBJECT_CONVERSION = YES_AGGRESSIVE;
				CLANG_CXX_LANGUAGE_STANDARD = "gnu++20";
				CLANG_ENABLE_MODULES = YES;
				CLANG_ENABLE_OBJC_ARC = YES;
				CLANG_ENABLE_OBJC_WEAK = YES;
				CLANG_WARN_BLOCK_CAPTURE_AUTORELEASING = YES;
				CLANG_WARN_BOOL_CONVERSION = YES;
				CLANG_WARN_COMMA = YES;
				CLANG_WARN_CONSTANT_CONVERSION = YES;
				CLANG_WARN_DEPRECATED_OBJC_IMPLEMENTATIONS = YES;
				CLANG_WARN_DIRECT_OBJC_ISA_USAGE = YES_ERROR;
				CLANG_WARN_DOCUMENTATION_COMMENTS = YES;
				CLANG_WARN_EMPTY_BODY = YES;
				CLANG_WARN_ENUM_CONVERSION = YES;
				CLANG_WARN_INFINITE_RECURSION = YES;
				CLANG_WARN_INT_CONVERSION = YES;
				CLANG_WARN_NON_LITERAL_NULL_CONVERSION = YES;
				CLANG_WARN_OBJC_IMPLICIT_RETAIN_SELF = YES;
				CLANG_WARN_OBJC_LITERAL_CONVERSION = YES;
				CLANG_WARN_OBJC_ROOT_CLASS = YES_ERROR;
				CLANG_WARN_QUOTED_INCLUDE_IN_FRAMEWORK_HEADER = YES;
				CLANG_WARN_RANGE_LOOP_ANALYSIS = YES;
				CLANG_WARN_STRICT_PROTOTYPES = YES;
				CLANG_WARN_SUSPICIOUS_MOVE = YES;
				CLANG_WARN_UNGUARDED_AVAILABILITY = YES_AGGRESSIVE;
				CLANG_WARN_UNREACHABLE_CODE = YES;
				CLANG_WARN__DUPLICATE_METHOD_MATCH = YES;
				COPY_PHASE_STRIP = NO;
				DEBUG_INFORMATION_FORMAT = dwarf;
				DEVELOPMENT_TEAM = RMVJT9K8W3;
				ENABLE_STRICT_OBJC_MSGSEND = YES;
				ENABLE_TESTABILITY = YES;
				ENABLE_USER_SCRIPT_SANDBOXING = YES;
				"EXCLUDED_ARCHS[sdk=*]" = x86_64;
				GCC_C_LANGUAGE_STANDARD = gnu17;
				GCC_DYNAMIC_NO_PIC = NO;
				GCC_NO_COMMON_BLOCKS = YES;
				GCC_OPTIMIZATION_LEVEL = 0;
				GCC_PREPROCESSOR_DEFINITIONS = (
					"DEBUG=1",
					"$(inherited)",
				);
				GCC_WARN_64_TO_32_BIT_CONVERSION = YES;
				GCC_WARN_ABOUT_RETURN_TYPE = YES_ERROR;
				GCC_WARN_UNDECLARED_SELECTOR = YES;
				GCC_WARN_UNINITIALIZED_AUTOS = YES_AGGRESSIVE;
				GCC_WARN_UNUSED_FUNCTION = YES;
				GCC_WARN_UNUSED_VARIABLE = YES;
				LOCALIZATION_PREFERS_STRING_CATALOGS = YES;
				MACOSX_DEPLOYMENT_TARGET = 14.0;
				MTL_ENABLE_DEBUG_INFO = INCLUDE_SOURCE;
				MTL_FAST_MATH = YES;
				ONLY_ACTIVE_ARCH = YES;
				SDKROOT = macosx;
				SWIFT_ACTIVE_COMPILATION_CONDITIONS = "DEBUG $(inherited)";
				SWIFT_OPTIMIZATION_LEVEL = "-Onone";
			};
			name = Debug;
		};
		3A7AD5592F77DBA9003E84FD /* Release */ = {
			isa = XCBuildConfiguration;
			buildSettings = {
				ALWAYS_SEARCH_USER_PATHS = NO;
				ARCHS = arm64;
				ASSETCATALOG_COMPILER_GENERATE_SWIFT_ASSET_SYMBOL_EXTENSIONS = YES;
				CLANG_ANALYZER_NONNULL = YES;
				CLANG_ANALYZER_NUMBER_OBJECT_CONVERSION = YES_AGGRESSIVE;
				CLANG_CXX_LANGUAGE_STANDARD = "gnu++20";
				CLANG_ENABLE_MODULES = YES;
				CLANG_ENABLE_OBJC_ARC = YES;
				CLANG_ENABLE_OBJC_WEAK = YES;
				CLANG_WARN_BLOCK_CAPTURE_AUTORELEASING = YES;
				CLANG_WARN_BOOL_CONVERSION = YES;
				CLANG_WARN_COMMA = YES;
				CLANG_WARN_CONSTANT_CONVERSION = YES;
				CLANG_WARN_DEPRECATED_OBJC_IMPLEMENTATIONS = YES;
				CLANG_WARN_DIRECT_OBJC_ISA_USAGE = YES_ERROR;
				CLANG_WARN_DOCUMENTATION_COMMENTS = YES;
				CLANG_WARN_EMPTY_BODY = YES;
				CLANG_WARN_ENUM_CONVERSION = YES;
				CLANG_WARN_INFINITE_RECURSION = YES;
				CLANG_WARN_INT_CONVERSION = YES;
				CLANG_WARN_NON_LITERAL_NULL_CONVERSION = YES;
				CLANG_WARN_OBJC_IMPLICIT_RETAIN_SELF = YES;
				CLANG_WARN_OBJC_LITERAL_CONVERSION = YES;
				CLANG_WARN_OBJC_ROOT_CLASS = YES_ERROR;
				CLANG_WARN_QUOTED_INCLUDE_IN_FRAMEWORK_HEADER = YES;
				CLANG_WARN_RANGE_LOOP_ANALYSIS = YES;
				CLANG_WARN_STRICT_PROTOTYPES = YES;
				CLANG_WARN_SUSPICIOUS_MOVE = YES;
				CLANG_WARN_UNGUARDED_AVAILABILITY = YES_AGGRESSIVE;
				CLANG_WARN_UNREACHABLE_CODE = YES;
				CLANG_WARN__DUPLICATE_METHOD_MATCH = YES;
				COPY_PHASE_STRIP = NO;
				DEBUG_INFORMATION_FORMAT = "dwarf-with-dsym";
				DEVELOPMENT_TEAM = RMVJT9K8W3;
				ENABLE_NS_ASSERTIONS = NO;
				ENABLE_STRICT_OBJC_MSGSEND = YES;
				ENABLE_USER_SCRIPT_SANDBOXING = YES;
				"EXCLUDED_ARCHS[sdk=*]" = x86_64;
				GCC_C_LANGUAGE_STANDARD = gnu17;
				GCC_NO_COMMON_BLOCKS = YES;
				GCC_WARN_64_TO_32_BIT_CONVERSION = YES;
				GCC_WARN_ABOUT_RETURN_TYPE = YES_ERROR;
				GCC_WARN_UNDECLARED_SELECTOR = YES;
				GCC_WARN_UNINITIALIZED_AUTOS = YES_AGGRESSIVE;
				GCC_WARN_UNUSED_FUNCTION = YES;
				GCC_WARN_UNUSED_VARIABLE = YES;
				LOCALIZATION_PREFERS_STRING_CATALOGS = YES;
				MACOSX_DEPLOYMENT_TARGET = 14.0;
				MTL_ENABLE_DEBUG_INFO = NO;
				MTL_FAST_MATH = YES;
				SDKROOT = macosx;
				SWIFT_COMPILATION_MODE = wholemodule;
			};
			name = Release;
		};
		3A7AD55B2F77DBA9003E84FD /* Debug */ = {
			isa = XCBuildConfiguration;
			buildSettings = {
				ASSETCATALOG_COMPILER_APPICON_NAME = AppIcon;
				ASSETCATALOG_COMPILER_GLOBAL_ACCENT_COLOR_NAME = AccentColor;
				CODE_SIGN_STYLE = Automatic;
				COMBINE_HIDPI_IMAGES = YES;
				CURRENT_PROJECT_VERSION = 1;
				DEVELOPMENT_TEAM = RMVJT9K8W3;
				ENABLE_APP_SANDBOX = NO;
				ENABLE_HARDENED_RUNTIME = NO;
				ENABLE_PREVIEWS = YES;
				GENERATE_INFOPLIST_FILE = NO;
				INFOPLIST_FILE = "clip-shelf/Info.plist";
				LD_RUNPATH_SEARCH_PATHS = (
					"$(inherited)",
					"@executable_path/../Frameworks",
				);
				MARKETING_VERSION = 1.0;
				PRODUCT_BUNDLE_IDENTIFIER = "dio0550.clip-shelf";
				PRODUCT_NAME = "$(TARGET_NAME)";
				REGISTER_APP_GROUPS = NO;
				STRING_CATALOG_GENERATE_SYMBOLS = YES;
				SWIFT_APPROACHABLE_CONCURRENCY = YES;
				SWIFT_DEFAULT_ACTOR_ISOLATION = MainActor;
				SWIFT_EMIT_LOC_STRINGS = YES;
				SWIFT_UPCOMING_FEATURE_MEMBER_IMPORT_VISIBILITY = YES;
				SWIFT_VERSION = 5.0;
			};
			name = Debug;
		};
		3A7AD55C2F77DBA9003E84FD /* Release */ = {
			isa = XCBuildConfiguration;
			buildSettings = {
				ASSETCATALOG_COMPILER_APPICON_NAME = AppIcon;
				ASSETCATALOG_COMPILER_GLOBAL_ACCENT_COLOR_NAME = AccentColor;
				CODE_SIGN_STYLE = Automatic;
				COMBINE_HIDPI_IMAGES = YES;
				CURRENT_PROJECT_VERSION = 1;
				DEVELOPMENT_TEAM = RMVJT9K8W3;
				ENABLE_APP_SANDBOX = NO;
				ENABLE_HARDENED_RUNTIME = NO;
				ENABLE_PREVIEWS = YES;
				GENERATE_INFOPLIST_FILE = NO;
				INFOPLIST_FILE = "clip-shelf/Info.plist";
				LD_RUNPATH_SEARCH_PATHS = (
					"$(inherited)",
					"@executable_path/../Frameworks",
				);
				MARKETING_VERSION = 1.0;
				PRODUCT_BUNDLE_IDENTIFIER = "dio0550.clip-shelf";
				PRODUCT_NAME = "$(TARGET_NAME)";
				REGISTER_APP_GROUPS = NO;
				STRING_CATALOG_GENERATE_SYMBOLS = YES;
				SWIFT_APPROACHABLE_CONCURRENCY = YES;
				SWIFT_DEFAULT_ACTOR_ISOLATION = MainActor;
				SWIFT_EMIT_LOC_STRINGS = YES;
				SWIFT_UPCOMING_FEATURE_MEMBER_IMPORT_VISIBILITY = YES;
				SWIFT_VERSION = 5.0;
			};
			name = Release;
		};
		3A7AD55E2F77DBA9003E84FD /* Debug */ = {
			isa = XCBuildConfiguration;
			buildSettings = {
				BUNDLE_LOADER = "$(TEST_HOST)";
				CODE_SIGN_STYLE = Automatic;
				CURRENT_PROJECT_VERSION = 1;
				DEVELOPMENT_TEAM = RMVJT9K8W3;
				GENERATE_INFOPLIST_FILE = YES;
				MACOSX_DEPLOYMENT_TARGET = 14.0;
				MARKETING_VERSION = 1.0;
				PRODUCT_BUNDLE_IDENTIFIER = "dio0550.clip-shelfTests";
				PRODUCT_NAME = "$(TARGET_NAME)";
				STRING_CATALOG_GENERATE_SYMBOLS = NO;
				SWIFT_APPROACHABLE_CONCURRENCY = YES;
				SWIFT_EMIT_LOC_STRINGS = NO;
				SWIFT_UPCOMING_FEATURE_MEMBER_IMPORT_VISIBILITY = YES;
				SWIFT_VERSION = 5.0;
				TEST_HOST = "$(BUILT_PRODUCTS_DIR)/clip-shelf.app/$(BUNDLE_EXECUTABLE_FOLDER_PATH)/clip-shelf";
			};
			name = Debug;
		};
		3A7AD55F2F77DBA9003E84FD /* Release */ = {
			isa = XCBuildConfiguration;
			buildSettings = {
				BUNDLE_LOADER = "$(TEST_HOST)";
				CODE_SIGN_STYLE = Automatic;
				CURRENT_PROJECT_VERSION = 1;
				DEVELOPMENT_TEAM = RMVJT9K8W3;
				GENERATE_INFOPLIST_FILE = YES;
				MACOSX_DEPLOYMENT_TARGET = 14.0;
				MARKETING_VERSION = 1.0;
				PRODUCT_BUNDLE_IDENTIFIER = "dio0550.clip-shelfTests";
				PRODUCT_NAME = "$(TARGET_NAME)";
				STRING_CATALOG_GENERATE_SYMBOLS = NO;
				SWIFT_APPROACHABLE_CONCURRENCY = YES;
				SWIFT_EMIT_LOC_STRINGS = NO;
				SWIFT_UPCOMING_FEATURE_MEMBER_IMPORT_VISIBILITY = YES;
				SWIFT_VERSION = 5.0;
				TEST_HOST = "$(BUILT_PRODUCTS_DIR)/clip-shelf.app/$(BUNDLE_EXECUTABLE_FOLDER_PATH)/clip-shelf";
			};
			name = Release;
		};
		3A7AD5612F77DBA9003E84FD /* Debug */ = {
			isa = XCBuildConfiguration;
			buildSettings = {
				CODE_SIGN_STYLE = Automatic;
				CURRENT_PROJECT_VERSION = 1;
				DEVELOPMENT_TEAM = RMVJT9K8W3;
				GENERATE_INFOPLIST_FILE = YES;
				MARKETING_VERSION = 1.0;
				PRODUCT_BUNDLE_IDENTIFIER = "dio0550.clip-shelfUITests";
				PRODUCT_NAME = "$(TARGET_NAME)";
				STRING_CATALOG_GENERATE_SYMBOLS = NO;
				SWIFT_APPROACHABLE_CONCURRENCY = YES;
				SWIFT_EMIT_LOC_STRINGS = NO;
				SWIFT_UPCOMING_FEATURE_MEMBER_IMPORT_VISIBILITY = YES;
				SWIFT_VERSION = 5.0;
				TEST_TARGET_NAME = "clip-shelf";
			};
			name = Debug;
		};
		3A7AD5622F77DBA9003E84FD /* Release */ = {
			isa = XCBuildConfiguration;
			buildSettings = {
				CODE_SIGN_STYLE = Automatic;
				CURRENT_PROJECT_VERSION = 1;
				DEVELOPMENT_TEAM = RMVJT9K8W3;
				GENERATE_INFOPLIST_FILE = YES;
				MARKETING_VERSION = 1.0;
				PRODUCT_BUNDLE_IDENTIFIER = "dio0550.clip-shelfUITests";
				PRODUCT_NAME = "$(TARGET_NAME)";
				STRING_CATALOG_GENERATE_SYMBOLS = NO;
				SWIFT_APPROACHABLE_CONCURRENCY = YES;
				SWIFT_EMIT_LOC_STRINGS = NO;
				SWIFT_UPCOMING_FEATURE_MEMBER_IMPORT_VISIBILITY = YES;
				SWIFT_VERSION = 5.0;
				TEST_TARGET_NAME = "clip-shelf";
			};
			name = Release;
		};
/* End XCBuildConfiguration section */

/* Begin XCConfigurationList section */
		3A7AD5342F77DBA0003E84FD /* Build configuration list for PBXProject "clip-shelf" */ = {
			isa = XCConfigurationList;
			buildConfigurations = (
				3A7AD5582F77DBA9003E84FD /* Debug */,
				3A7AD5592F77DBA9003E84FD /* Release */,
			);
			defaultConfigurationIsVisible = 0;
			defaultConfigurationName = Release;
		};
		3A7AD55A2F77DBA9003E84FD /* Build configuration list for PBXNativeTarget "clip-shelf" */ = {
			isa = XCConfigurationList;
			buildConfigurations = (
				3A7AD55B2F77DBA9003E84FD /* Debug */,
				3A7AD55C2F77DBA9003E84FD /* Release */,
			);
			defaultConfigurationIsVisible = 0;
			defaultConfigurationName = Release;
		};
		3A7AD55D2F77DBA9003E84FD /* Build configuration list for PBXNativeTarget "clip-shelfTests" */ = {
			isa = XCConfigurationList;
			buildConfigurations = (
				3A7AD55E2F77DBA9003E84FD /* Debug */,
				3A7AD55F2F77DBA9003E84FD /* Release */,
			);
			defaultConfigurationIsVisible = 0;
			defaultConfigurationName = Release;
		};
		3A7AD5602F77DBA9003E84FD /* Build configuration list for PBXNativeTarget "clip-shelfUITests" */ = {
			isa = XCConfigurationList;
			buildConfigurations = (
				3A7AD5612F77DBA9003E84FD /* Debug */,
				3A7AD5622F77DBA9003E84FD /* Release */,
			);
			defaultConfigurationIsVisible = 0;
			defaultConfigurationName = Release;
		};
/* End XCConfigurationList section */
	};
	rootObject = 3A7AD5312F77DB9F003E84FD /* Project object */;
}
